github.com/pszypowicz/hugo-theme-pager v0.2.0 h1:PbCIEKLF4sdSKx4cr8uKnrw44z7K0VuC9X2PiaNAyus=
github.com/pszypowicz/hugo-theme-pager v0.2.0/go.mod h1:O4sYQGWzwchRZH2hE03Z0SECWo3svrSbHjiQCuC78TM=
github.com/pszypowicz/hugo-theme-pager v0.2.1 h1:+hbd2mehIN5kxGcTJIZNR/5iP0iHivK+K6Nnw09UDsM=
github.com/pszypowicz/hugo-theme-pager v0.2.1/go.mod h1:O4sYQGWzwchRZH2hE03Z0SECWo3svrSbHjiQCuC78TM=
github.com/pszypowicz/hugo-theme-pager v0.2.2 h1:zVQ9ORQcszW3h4GX48mKH9nMAAqZ2+XqfIww2EvvS1s=
github.com/pszypowicz/hugo-theme-pager v0.2.2/go.mod h1:O4sYQGWzwchRZH2hE03Z0SECWo3svrSbHjiQCuC78TM=
